
Microsoft Visual Studio Solution File, Format Version 12.00
# Visual Studio Version 17
VisualStudioVersion = 17.2.32602.215
MinimumVisualStudioVersion = 10.0.40219.1
Project("{9A19103F-16F7-4668-BE54-9A1E7A4F7556}") = "Ch 01. Arrays and Strings", "Ch 01. Arrays and Strings\Ch 01. Arrays and Strings.csproj", "{6B9713F5-A848-4203-96B9-88EE86BA0B48}"
EndProject
Project("{9A19103F-16F7-4668-BE54-9A1E7A4F7556}") = "Contracts", "Contracts\Contracts.csproj", "{530C6FBC-1E75-4EAA-A82F-C05F901EB5F1}"
EndProject
Project("{9A19103F-16F7-4668-BE54-9A1E7A4F7556}") = "QuestionRunner", "QuestionRunner\QuestionRunner.csproj", "{83335111-818B-40E3-9B03-29FE6F932400}"
EndProject
Project("{9A19103F-16F7-4668-BE54-9A1E7A4F7556}") = "Ch 02. Linked Lists", "Ch 02. Linked Lists\Ch 02. Linked Lists.csproj", "{324A64CF-8971-4E7D-9C02-591B4FC8EE46}"
EndProject
Project("{9A19103F-16F7-4668-BE54-9A1E7A4F7556}") = "Structures", "Structures\Structures.csproj", "{7B8BE7D0-E10D-44DE-BF9D-DB2248890736}"
EndProject
Project("{9A19103F-16F7-4668-BE54-9A1E7A4F7556}") = "Ch 03. Stack and Queue", "Ch 03. Stack and Queue\Ch 03. Stack and Queue.csproj", "{4416B2DE-1AF9-488C-B122-388CA035A2FE}"
EndProject
Project("{9A19103F-16F7-4668-BE54-9A1E7A4F7556}") = "Ch 04. Trees and Graphs", "Ch 04. Trees and Graphs\Ch 04. Trees and Graphs.csproj", "{D1AE27D5-796D-4F6B-98FC-8BBFDBC4EB7F}"
EndProject
Project("{9A19103F-16F7-4668-BE54-9A1E7A4F7556}") = "Ch 05. Bit Operations", "Ch 05. Bit Operations\Ch 05. Bit Operations.csproj", "{15A4B8E3-2786-475F-B0D6-B5D6E4878D4A}"
EndProject
Project("{9A19103F-16F7-4668-BE54-9A1E7A4F7556}") = "Ch 07. OOP", "Ch 07. OOP\Ch 07. OOP.csproj", "{EFA6234A-0E38-4276-9AED-77DD450427D5}"
EndProject
Project("{9A19103F-16F7-4668-BE54-9A1E7A4F7556}") = "Ch 08. Recursion And Dynamic Programming", "Ch 08. Recursion And Dynamic Programming\Ch 08. Recursion And Dynamic Programming.csproj", "{A4DC504E-7A6E-4DC0-9126-9838E8833199}"
EndProject
Project("{FAE04EC0-301F-11D3-BF4B-00C04F79EFBC}") = "Ch 10. Sorting And Searching", "Ch 10. Sorting And Searching\Ch 10. Sorting And Searching.csproj", "{D6520B01-C670-4395-8BE3-91B200845561}"
EndProject
Global
	GlobalSection(SolutionConfigurationPlatforms) = preSolution
		Debug|Any CPU = Debug|Any CPU
		Release|Any CPU = Release|Any CPU
	EndGlobalSection
	GlobalSection(ProjectConfigurationPlatforms) = postSolution
		{6B9713F5-A848-4203-96B9-88EE86BA0B48}.Debug|Any CPU.ActiveCfg = Debug|Any CPU
		{6B9713F5-A848-4203-96B9-88EE86BA0B48}.Debug|Any CPU.Build.0 = Debug|Any CPU
		{6B9713F5-A848-4203-96B9-88EE86BA0B48}.Release|Any CPU.ActiveCfg = Release|Any CPU
		{6B9713F5-A848-4203-96B9-88EE86BA0B48}.Release|Any CPU.Build.0 = Release|Any CPU
		{530C6FBC-1E75-4EAA-A82F-C05F901EB5F1}.Debug|Any CPU.ActiveCfg = Debug|Any CPU
		{530C6FBC-1E75-4EAA-A82F-C05F901EB5F1}.Debug|Any CPU.Build.0 = Debug|Any CPU
		{530C6FBC-1E75-4EAA-A82F-C05F901EB5F1}.Release|Any CPU.ActiveCfg = Release|Any CPU
		{530C6FBC-1E75-4EAA-A82F-C05F901EB5F1}.Release|Any CPU.Build.0 = Release|Any CPU
		{83335111-818B-40E3-9B03-29FE6F932400}.Debug|Any CPU.ActiveCfg = Debug|Any CPU
		{83335111-818B-40E3-9B03-29FE6F932400}.Debug|Any CPU.Build.0 = Debug|Any CPU
		{83335111-818B-40E3-9B03-29FE6F932400}.Release|Any CPU.ActiveCfg = Release|Any CPU
		{83335111-818B-40E3-9B03-29FE6F932400}.Release|Any CPU.Build.0 = Release|Any CPU
		{324A64CF-8971-4E7D-9C02-591B4FC8EE46}.Debug|Any CPU.ActiveCfg = Debug|Any CPU
		{324A64CF-8971-4E7D-9C02-591B4FC8EE46}.Debug|Any CPU.Build.0 = Debug|Any CPU
		{324A64CF-8971-4E7D-9C02-591B4FC8EE46}.Release|Any CPU.ActiveCfg = Release|Any CPU
		{324A64CF-8971-4E7D-9C02-591B4FC8EE46}.Release|Any CPU.Build.0 = Release|Any CPU
		{7B8BE7D0-E10D-44DE-BF9D-DB2248890736}.Debug|Any CPU.ActiveCfg = Debug|Any CPU
		{7B8BE7D0-E10D-44DE-BF9D-DB2248890736}.Debug|Any CPU.Build.0 = Debug|Any CPU
		{7B8BE7D0-E10D-44DE-BF9D-DB2248890736}.Release|Any CPU.ActiveCfg = Release|Any CPU
		{7B8BE7D0-E10D-44DE-BF9D-DB2248890736}.Release|Any CPU.Build.0 = Release|Any CPU
		{4416B2DE-1AF9-488C-B122-388CA035A2FE}.Debug|Any CPU.ActiveCfg = Debug|Any CPU
		{4416B2DE-1AF9-488C-B122-388CA035A2FE}.Debug|Any CPU.Build.0 = Debug|Any CPU
		{4416B2DE-1AF9-488C-B122-388CA035A2FE}.Release|Any CPU.ActiveCfg = Release|Any CPU
		{4416B2DE-1AF9-488C-B122-388CA035A2FE}.Release|Any CPU.Build.0 = Release|Any CPU
		{D1AE27D5-796D-4F6B-98FC-8BBFDBC4EB7F}.Debug|Any CPU.ActiveCfg = Debug|Any CPU
		{D1AE27D5-796D-4F6B-98FC-8BBFDBC4EB7F}.Debug|Any CPU.Build.0 = Debug|Any CPU
		{D1AE27D5-796D-4F6B-98FC-8BBFDBC4EB7F}.Release|Any CPU.ActiveCfg = Release|Any CPU
		{D1AE27D5-796D-4F6B-98FC-8BBFDBC4EB7F}.Release|Any CPU.Build.0 = Release|Any CPU
		{15A4B8E3-2786-475F-B0D6-B5D6E4878D4A}.Debug|Any CPU.ActiveCfg = Debug|Any CPU
		{15A4B8E3-2786-475F-B0D6-B5D6E4878D4A}.Debug|Any CPU.Build.0 = Debug|Any CPU
		{15A4B8E3-2786-475F-B0D6-B5D6E4878D4A}.Release|Any CPU.ActiveCfg = Release|Any CPU
		{15A4B8E3-2786-475F-B0D6-B5D6E4878D4A}.Release|Any CPU.Build.0 = Release|Any CPU
		{EFA6234A-0E38-4276-9AED-77DD450427D5}.Debug|Any CPU.ActiveCfg = Debug|Any CPU
		{EFA6234A-0E38-4276-9AED-77DD450427D5}.Debug|Any CPU.Build.0 = Debug|Any CPU
		{EFA6234A-0E38-4276-9AED-77DD450427D5}.Release|Any CPU.ActiveCfg = Release|Any CPU
		{EFA6234A-0E38-4276-9AED-77DD450427D5}.Release|Any CPU.Build.0 = Release|Any CPU
		{A4DC504E-7A6E-4DC0-9126-9838E8833199}.Debug|Any CPU.ActiveCfg = Debug|Any CPU
		{A4DC504E-7A6E-4DC0-9126-9838E8833199}.Debug|Any CPU.Build.0 = Debug|Any CPU
		{A4DC504E-7A6E-4DC0-9126-9838E8833199}.Release|Any CPU.ActiveCfg = Release|Any CPU
		{A4DC504E-7A6E-4DC0-9126-9838E8833199}.Release|Any CPU.Build.0 = Release|Any CPU
		{D6520B01-C670-4395-8BE3-91B200845561}.Debug|Any CPU.ActiveCfg = Debug|Any CPU
		{D6520B01-C670-4395-8BE3-91B200845561}.Debug|Any CPU.Build.0 = Debug|Any CPU
		{D6520B01-C670-4395-8BE3-91B200845561}.Release|Any CPU.ActiveCfg = Release|Any CPU
		{D6520B01-C670-4395-8BE3-91B200845561}.Release|Any CPU.Build.0 = Release|Any CPU
	EndGlobalSection
	GlobalSection(SolutionProperties) = preSolution
		HideSolutionNode = FALSE
	EndGlobalSection
	GlobalSection(ExtensibilityGlobals) = postSolution
		SolutionGuid = {E2AB235D-A033-4737-8375-55E500F5E971}
	EndGlobalSection
EndGlobal
